// !$*UTF8*$!
{
	archiveVersion = 1;
	classes = {
	};
	objectVersion = 48;
	objects = {

/* Begin PBXBuildFile section */
		DC78A17221077C0F000C09C3 /* AppDelegate.m in Sources */ = {isa = PBXBuildFile; fileRef = DC78A17121077C0F000C09C3 /* AppDelegate.m */; };
		DC78A17521077C0F000C09C3 /* ViewController.m in Sources */ = {isa = PBXBuildFile; fileRef = DC78A17421077C0F000C09C3 /* ViewController.m */; };
		DC78A17821077C0F000C09C3 /* Main.storyboard in Resources */ = {isa = PBXBuildFile; fileRef = DC78A17621077C0F000C09C3 /* Main.storyboard */; };
		DC78A17A21077C0F000C09C3 /* Assets.xcassets in Resources */ = {isa = PBXBuildFile; fileRef = DC78A17921077C0F000C09C3 /* Assets.xcassets */; };
		DC78A17D21077C0F000C09C3 /* LaunchScreen.storyboard in Resources */ = {isa = PBXBuildFile; fileRef = DC78A17B21077C0F000C09C3 /* LaunchScreen.storyboard */; };
		DC78A18021077C0F000C09C3 /* main.m in Sources */ = {isa = PBXBuildFile; fileRef = DC78A17F21077C0F000C09C3 /* main.m */; };
		DC78A18A21077C0F000C09C3 /* UIWebViewJSInjectionDemoTests.m in Sources */ = {isa = PBXBuildFile; fileRef = DC78A18921077C0F000C09C3 /* UIWebViewJSInjectionDemoTests.m */; };
		DC78A19521077C0F000C09C3 /* UIWebViewJSInjectionDemoUITests.m in Sources */ = {isa = PBXBuildFile; fileRef = DC78A19421077C0F000C09C3 /* UIWebViewJSInjectionDemoUITests.m */; };
		DCA3C58C210CC229005D1189 /* WebViewController.m in Sources */ = {isa = PBXBuildFile; fileRef = DCA3C58B210CC229005D1189 /* WebViewController.m */; };
		DCA3C590210CC503005D1189 /* night_mode.js in Resources */ = {isa = PBXBuildFile; fileRef = DCA3C58F210CC503005D1189 /* night_mode.js */; };
/* End PBXBuildFile section */

/* Begin PBXContainerItemProxy section */
		DC78A18621077C0F000C09C3 /* PBXContainerItemProxy */ = {
			isa = PBXContainerItemProxy;
			containerPortal = DC78A16521077C0F000C09C3 /* Project object */;
			proxyType = 1;
			remoteGlobalIDString = DC78A16C21077C0F000C09C3;
			remoteInfo = UIWebViewJSInjectionDemo;
		};
		DC78A19121077C0F000C09C3 /* PBXContainerItemProxy */ = {
			isa = PBXContainerItemProxy;
			containerPortal = DC78A16521077C0F000C09C3 /* Project object */;
			proxyType = 1;
			remoteGlobalIDString = DC78A16C21077C0F000C09C3;
			remoteInfo = UIWebViewJSInjectionDemo;
		};
/* End PBXContainerItemProxy section */

/* Begin PBXFileReference section */
		DC78A16D21077C0F000C09C3 /* UIWebViewJSInjectionDemo.app */ = {isa = PBXFileReference; explicitFileType = wrapper.application; includeInIndex = 0; path = UIWebViewJSInjectionDemo.app; sourceTree = BUILT_PRODUCTS_DIR; };
		DC78A17021077C0F000C09C3 /* AppDelegate.h */ = {isa = PBXFileReference; lastKnownFileType = sourcecode.c.h; path = AppDelegate.h; sourceTree = "<group>"; };
		DC78A17121077C0F000C09C3 /* AppDelegate.m */ = {isa = PBXFileReference; lastKnownFileType = sourcecode.c.objc; path = AppDelegate.m; sourceTree = "<group>"; };
		DC78A17321077C0F000C09C3 /* ViewController.h */ = {isa = PBXFileReference; lastKnownFileType = sourcecode.c.h; path = ViewController.h; sourceTree = "<group>"; };
		DC78A17421077C0F000C09C3 /* ViewController.m */ = {isa = PBXFileReference; lastKnownFileType = sourcecode.c.objc; path = ViewController.m; sourceTree = "<group>"; };
		DC78A17721077C0F000C09C3 /* Base */ = {isa = PBXFileReference; lastKnownFileType = file.storyboard; name = Base; path = Base.lproj/Main.storyboard; sourceTree = "<group>"; };
		DC78A17921077C0F000C09C3 /* Assets.xcassets */ = {isa = PBXFileReference; lastKnownFileType = folder.assetcatalog; path = Assets.xcassets; sourceTree = "<group>"; };
		DC78A17C21077C0F000C09C3 /* Base */ = {isa = PBXFileReference; lastKnownFileType = file.storyboard; name = Base; path = Base.lproj/LaunchScreen.storyboard; sourceTree = "<group>"; };
		DC78A17E21077C0F000C09C3 /* Info.plist */ = {isa = PBXFileReference; lastKnownFileType = text.plist.xml; path = Info.plist; sourceTree = "<group>"; };
		DC78A17F21077C0F000C09C3 /* main.m */ = {isa = PBXFileReference; lastKnownFileType = sourcecode.c.objc; path = main.m; sourceTree = "<group>"; };
		DC78A18521077C0F000C09C3 /* UIWebViewJSInjectionDemoTests.xctest */ = {isa = PBXFileReference; explicitFileType = wrapper.cfbundle; includeInIndex = 0; path = UIWebViewJSInjectionDemoTests.xctest; sourceTree = BUILT_PRODUCTS_DIR; };
		DC78A18921077C0F000C09C3 /* UIWebViewJSInjectionDemoTests.m */ = {isa = PBXFileReference; lastKnownFileType = sourcecode.c.objc; path = UIWebViewJSInjectionDemoTests.m; sourceTree = "<group>"; };
		DC78A18B21077C0F000C09C3 /* Info.plist */ = {isa = PBXFileReference; lastKnownFileType = text.plist.xml; path = Info.plist; sourceTree = "<group>"; };
		DC78A19021077C0F000C09C3 /* UIWebViewJSInjectionDemoUITests.xctest */ = {isa = PBXFileReference; explicitFileType = wrapper.cfbundle; includeInIndex = 0; path = UIWebViewJSInjectionDemoUITests.xctest; sourceTree = BUILT_PRODUCTS_DIR; };
		DC78A19421077C0F000C09C3 /* UIWebViewJSInjectionDemoUITests.m */ = {isa = PBXFileReference; lastKnownFileType = sourcecode.c.objc; path = UIWebViewJSInjectionDemoUITests.m; sourceTree = "<group>"; };
		DC78A19621077C0F000C09C3 /* Info.plist */ = {isa = PBXFileReference; lastKnownFileType = text.plist.xml; path = Info.plist; sourceTree = "<group>"; };
		DCA3C58A210CC229005D1189 /* WebViewController.h */ = {isa = PBXFileReference; lastKnownFileType = sourcecode.c.h; path = WebViewController.h; sourceTree = "<group>"; };
		DCA3C58B210CC229005D1189 /* WebViewController.m */ = {isa = PBXFileReference; lastKnownFileType = sourcecode.c.objc; path = WebViewController.m; sourceTree = "<group>"; };
		DCA3C58F210CC503005D1189 /* night_mode.js */ = {isa = PBXFileReference; fileEncoding = 4; lastKnownFileType = sourcecode.javascript; path = night_mode.js; sourceTree = "<group>"; };
/* End PBXFileReference section */

/* Begin PBXFrameworksBuildPhase section */
		DC78A16A21077C0F000C09C3 /* Frameworks */ = {
			isa = PBXFrameworksBuildPhase;
			buildActionMask = 2147483647;
			files = (
			);
			runOnlyForDeploymentPostprocessing = 0;
		};
		DC78A18221077C0F000C09C3 /* Frameworks */ = {
			isa = PBXFrameworksBuildPhase;
			buildActionMask = 2147483647;
			files = (
			);
			runOnlyForDeploymentPostprocessing = 0;
		};
		DC78A18D21077C0F000C09C3 /* Frameworks */ = {
			isa = PBXFrameworksBuildPhase;
			buildActionMask = 2147483647;
			files = (
			);
			runOnlyForDeploymentPostprocessing = 0;
		};
/* End PBXFrameworksBuildPhase section */

/* Begin PBXGroup section */
		DC78A16421077C0F000C09C3 = {
			isa = PBXGroup;
			children = (
				DC78A16F21077C0F000C09C3 /* UIWebViewJSInjectionDemo */,
				DC78A18821077C0F000C09C3 /* UIWebViewJSInjectionDemoTests */,
				DC78A19321077C0F000C09C3 /* UIWebViewJSInjectionDemoUITests */,
				DC78A16E21077C0F000C09C3 /* Products */,
			);
			sourceTree = "<group>";
		};
		DC78A16E21077C0F000C09C3 /* Products */ = {
			isa = PBXGroup;
			children = (
				DC78A16D21077C0F000C09C3 /* UIWebViewJSInjectionDemo.app */,
				DC78A18521077C0F000C09C3 /* UIWebViewJSInjectionDemoTests.xctest */,
				DC78A19021077C0F000C09C3 /* UIWebViewJSInjectionDemoUITests.xctest */,
			);
			name = Products;
			sourceTree = "<group>";
		};
		DC78A16F21077C0F000C09C3 /* UIWebViewJSInjectionDemo */ = {
			isa = PBXGroup;
			children = (
				DCA3C58F210CC503005D1189 /* night_mode.js */,
				DC78A17021077C0F000C09C3 /* AppDelegate.h */,
				DC78A17121077C0F000C09C3 /* AppDelegate.m */,
				DC78A17321077C0F000C09C3 /* ViewController.h */,
				DC78A17421077C0F000C09C3 /* ViewController.m */,
				DCA3C58A210CC229005D1189 /* WebViewController.h */,
				DCA3C58B210CC229005D1189 /* WebViewController.m */,
				DC78A17621077C0F000C09C3 /* Main.storyboard */,
				DC78A17921077C0F000C09C3 /* Assets.xcassets */,
				DC78A17B21077C0F000C09C3 /* LaunchScreen.storyboard */,
				DC78A17E21077C0F000C09C3 /* Info.plist */,
				DC78A17F21077C0F000C09C3 /* main.m */,
			);
			path = UIWebViewJSInjectionDemo;
			sourceTree = "<group>";
		};
		DC78A18821077C0F000C09C3 /* UIWebViewJSInjectionDemoTests */ = {
			isa = PBXGroup;
			children = (
				DC78A18921077C0F000C09C3 /* UIWebViewJSInjectionDemoTests.m */,
				DC78A18B21077C0F000C09C3 /* Info.plist */,
			);
			path = UIWebViewJSInjectionDemoTests;
			sourceTree = "<group>";
		};
		DC78A19321077C0F000C09C3 /* UIWebViewJSInjectionDemoUITests */ = {
			isa = PBXGroup;
			children = (
				DC78A19421077C0F000C09C3 /* UIWebViewJSInjectionDemoUITests.m */,
				DC78A19621077C0F000C09C3 /* Info.plist */,
			);
			path = UIWebViewJSInjectionDemoUITests;
			sourceTree = "<group>";
		};
/* End PBXGroup section */

/* Begin PBXNativeTarget section */
		DC78A16C21077C0F000C09C3 /* UIWebViewJSInjectionDemo */ = {
			isa = PBXNativeTarget;
			buildConfigurationList = DC78A19921077C0F000C09C3 /* Build configuration list for PBXNativeTarget "UIWebViewJSInjectionDemo" */;
			buildPhases = (
				DC78A16921077C0F000C09C3 /* Sources */,
				DC78A16A21077C0F000C09C3 /* Frameworks */,
				DC78A16B21077C0F000C09C3 /* Resources */,
			);
			buildRules = (
			);
			dependencies = (
			);
			name = UIWebViewJSInjectionDemo;
			productName = UIWebViewJSInjectionDemo;
			productReference = DC78A16D21077C0F000C09C3 /* UIWebViewJSInjectionDemo.app */;
			productType = "com.apple.product-type.application";
		};
		DC78A18421077C0F000C09C3 /* UIWebViewJSInjectionDemoTests */ = {
			isa = PBXNativeTarget;
			buildConfigurationList = DC78A19C21077C0F000C09C3 /* Build configuration list for PBXNativeTarget "UIWebViewJSInjectionDemoTests" */;
			buildPhases = (
				DC78A18121077C0F000C09C3 /* Sources */,
				DC78A18221077C0F000C09C3 /* Frameworks */,
				DC78A18321077C0F000C09C3 /* Resources */,
			);
			buildRules = (
			);
			dependencies = (
				DC78A18721077C0F000C09C3 /* PBXTargetDependency */,
			);
			name = UIWebViewJSInjectionDemoTests;
			productName = UIWebViewJSInjectionDemoTests;
			productReference = DC78A18521077C0F000C09C3 /* UIWebViewJSInjectionDemoTests.xctest */;
			productType = "com.apple.product-type.bundle.unit-test";
		};
		DC78A18F21077C0F000C09C3 /* UIWebViewJSInjectionDemoUITests */ = {
			isa = PBXNativeTarget;
			buildConfigurationList = DC78A19F21077C0F000C09C3 /* Build configuration list for PBXNativeTarget "UIWebViewJSInjectionDemoUITests" */;
			buildPhases = (
				DC78A18C21077C0F000C09C3 /* Sources */,
				DC78A18D21077C0F000C09C3 /* Frameworks */,
				DC78A18E21077C0F000C09C3 /* Resources */,
			);
			buildRules = (
			);
			dependencies = (
				DC78A19221077C0F000C09C3 /* PBXTargetDependency */,
			);
			name = UIWebViewJSInjectionDemoUITests;
			productName = UIWebViewJSInjectionDemoUITests;
			productReference = DC78A19021077C0F000C09C3 /* UIWebViewJSInjectionDemoUITests.xctest */;
			productType = "com.apple.product-type.bundle.ui-testing";
		};
/* End PBXNativeTarget section */

/* Begin PBXProject section */
		DC78A16521077C0F000C09C3 /* Project object */ = {
			isa = PBXProject;
			attributes = {
				LastUpgradeCheck = 0920;
				ORGANIZATIONNAME = CXTretar;
				TargetAttributes = {
					DC78A16C21077C0F000C09C3 = {
						CreatedOnToolsVersion = 9.2;
						ProvisioningStyle = Automatic;
					};
					DC78A18421077C0F000C09C3 = {
						CreatedOnToolsVersion = 9.2;
						ProvisioningStyle = Automatic;
						TestTargetID = DC78A16C21077C0F000C09C3;
					};
					DC78A18F21077C0F000C09C3 = {
						CreatedOnToolsVersion = 9.2;
						ProvisioningStyle = Automatic;
						TestTargetID = DC78A16C21077C0F000C09C3;
					};
				};
			};
			buildConfigurationList = DC78A16821077C0F000C09C3 /* Build configuration list for PBXProject "UIWebViewJSInjectionDemo" */;
			compatibilityVersion = "Xcode 8.0";
			developmentRegion = en;
			hasScannedForEncodings = 0;
			knownRegions = (
				en,
				Base,
			);
			mainGroup = DC78A16421077C0F000C09C3;
			productRefGroup = DC78A16E21077C0F000C09C3 /* Products */;
			projectDirPath = "";
			projectRoot = "";
			targets = (
				DC78A16C21077C0F000C09C3 /* UIWebViewJSInjectionDemo */,
				DC78A18421077C0F000C09C3 /* UIWebViewJSInjectionDemoTests */,
				DC78A18F21077C0F000C09C3 /* UIWebViewJSInjectionDemoUITests */,
			);
		};
/* End PBXProject section */

/* Begin PBXResourcesBuildPhase section */
		DC78A16B21077C0F000C09C3 /* Resources */ = {
			isa = PBXResourcesBuildPhase;
			buildActionMask = 2147483647;
			files = (
				DC78A17D21077C0F000C09C3 /* LaunchScreen.storyboard in Resources */,
				DC78A17A21077C0F000C09C3 /* Assets.xcassets in Resources */,
				DCA3C590210CC503005D1189 /* night_mode.js in Resources */,
				DC78A17821077C0F000C09C3 /* Main.storyboard in Resources */,
			);
			runOnlyForDeploymentPostprocessing = 0;
		};
		DC78A18321077C0F000C09C3 /* Resources */ = {
			isa = PBXResourcesBuildPhase;
			buildActionMask = 2147483647;
			files = (
			);
			runOnlyForDeploymentPostprocessing = 0;
		};
		DC78A18E21077C0F000C09C3 /* Resources */ = {
			isa = PBXResourcesBuildPhase;
			buildActionMask = 2147483647;
			files = (
			);
			runOnlyForDeploymentPostprocessing = 0;
		};
/* End PBXResourcesBuildPhase section */

/* Begin PBXSourcesBuildPhase section */
		DC78A16921077C0F000C09C3 /* Sources */ = {
			isa = PBXSourcesBuildPhase;
			buildActionMask = 2147483647;
			files = (
				DC78A17521077C0F000C09C3 /* ViewController.m in Sources */,
				DC78A18021077C0F000C09C3 /* main.m in Sources */,
				DC78A17221077C0F000C09C3 /* AppDelegate.m in Sources */,
				DCA3C58C210CC229005D1189 /* WebViewController.m in Sources */,
			);
			runOnlyForDeploymentPostprocessing = 0;
		};
		DC78A18121077C0F000C09C3 /* Sources */ = {
			isa = PBXSourcesBuildPhase;
			buildActionMask = 2147483647;
			files = (
				DC78A18A21077C0F000C09C3 /* UIWebViewJSInjectionDemoTests.m in Sources */,
			);
			runOnlyForDeploymentPostprocessing = 0;
		};
		DC78A18C21077C0F000C09C3 /* Sources */ = {
			isa = PBXSourcesBuildPhase;
			buildActionMask = 2147483647;
			files = (
				DC78A19521077C0F000C09C3 /* UIWebViewJSInjectionDemoUITests.m in Sources */,
			);
			runOnlyForDeploymentPostprocessing = 0;
		};
/* End PBXSourcesBuildPhase section */

/* Begin PBXTargetDependency section */
		DC78A18721077C0F000C09C3 /* PBXTargetDependency */ = {
			isa = PBXTargetDependency;
			target = DC78A16C21077C0F000C09C3 /* UIWebViewJSInjectionDemo */;
			targetProxy = DC78A18621077C0F000C09C3 /* PBXContainerItemProxy */;
		};
		DC78A19221077C0F000C09C3 /* PBXTargetDependency */ = {
			isa = PBXTargetDependency;
			target = DC78A16C21077C0F000C09C3 /* UIWebViewJSInjectionDemo */;
			targetProxy = DC78A19121077C0F000C09C3 /* PBXContainerItemProxy */;
		};
/* End PBXTargetDependency section */

/* Begin PBXVariantGroup section */
		DC78A17621077C0F000C09C3 /* Main.storyboard */ = {
			isa = PBXVariantGroup;
			children = (
				DC78A17721077C0F000C09C3 /* Base */,
			);
			name = Main.storyboard;
			sourceTree = "<group>";
		};
		DC78A17B21077C0F000C09C3 /* LaunchScreen.storyboard */ = {
			isa = PBXVariantGroup;
			children = (
				DC78A17C21077C0F000C09C3 /* Base */,
			);
			name = LaunchScreen.storyboard;
			sourceTree = "<group>";
		};
/* End PBXVariantGroup section */

/* Begin XCBuildConfiguration section */
		DC78A19721077C0F000C09C3 /* Debug */ = {
			isa = XCBuildConfiguration;
			buildSettings = {
				ALWAYS_SEARCH_USER_PATHS = NO;
				CLANG_ANALYZER_NONNULL = YES;
				CLANG_ANALYZER_NUMBER_OBJECT_CONVERSION = YES_AGGRESSIVE;
				CLANG_CXX_LANGUAGE_STANDARD = "gnu++14";
				CLANG_CXX_LIBRARY = "libc++";
				CLANG_ENABLE_MODULES = YES;
				CLANG_ENABLE_OBJC_ARC = YES;
				CLANG_WARN_BLOCK_CAPTURE_AUTORELEASING = YES;
				CLANG_WARN_BOOL_CONVERSION = YES;
				CLANG_WARN_COMMA = YES;
				CLANG_WARN_CONSTANT_CONVERSION = YES;
				CLANG_WARN_DIRECT_OBJC_ISA_USAGE = YES_ERROR;
				CLANG_WARN_DOCUMENTATION_COMMENTS = YES;
				CLANG_WARN_EMPTY_BODY = YES;
				CLANG_WARN_ENUM_CONVERSION = YES;
				CLANG_WARN_INFINITE_RECURSION = YES;
				CLANG_WARN_INT_CONVERSION = YES;
				CLANG_WARN_NON_LITERAL_NULL_CONVERSION = YES;
				CLANG_WARN_OBJC_LITERAL_CONVERSION = YES;
				CLANG_WARN_OBJC_ROOT_CLASS = YES_ERROR;
				CLANG_WARN_RANGE_LOOP_ANALYSIS = YES;
				CLANG_WARN_STRICT_PROTOTYPES = YES;
				CLANG_WARN_SUSPICIOUS_MOVE = YES;
				CLANG_WARN_UNGUARDED_AVAILABILITY = YES_AGGRESSIVE;
				CLANG_WARN_UNREACHABLE_CODE = YES;
				CLANG_WARN__DUPLICATE_METHOD_MATCH = YES;
				CODE_SIGN_IDENTITY = "iPhone Developer";
				COPY_PHASE_STRIP = NO;
				DEBUG_INFORMATION_FORMAT = dwarf;
				ENABLE_STRICT_OBJC_MSGSEND = YES;
				ENABLE_TESTABILITY = YES;
				GCC_C_LANGUAGE_STANDARD = gnu11;
				GCC_DYNAMIC_NO_PIC = NO;
				GCC_NO_COMMON_BLOCKS = YES;
				GCC_OPTIMIZATION_LEVEL = 0;
				GCC_PREPROCESSOR_DEFINITIONS = (
					"DEBUG=1",
					"$(inherited)",
				);
				GCC_WARN_64_TO_32_BIT_CONVERSION = YES;
				GCC_WARN_ABOUT_RETURN_TYPE = YES_ERROR;
				GCC_WARN_UNDECLARED_SELECTOR = YES;
				GCC_WARN_UNINITIALIZED_AUTOS = YES_AGGRESSIVE;
				GCC_WARN_UNUSED_FUNCTION = YES;
				GCC_WARN_UNUSED_VARIABLE = YES;
				IPHONEOS_DEPLOYMENT_TARGET = 11.2;
				MTL_ENABLE_DEBUG_INFO = YES;
				ONLY_ACTIVE_ARCH = YES;
				SDKROOT = iphoneos;
			};
			name = Debug;
		};
		DC78A19821077C0F000C09C3 /* Release */ = {
			isa = XCBuildConfiguration;
			buildSettings = {
				ALWAYS_SEARCH_USER_PATHS = NO;
				CLANG_ANALYZER_NONNULL = YES;
				CLANG_ANALYZER_NUMBER_OBJECT_CONVERSION = YES_AGGRESSIVE;
				CLANG_CXX_LANGUAGE_STANDARD = "gnu++14";
				CLANG_CXX_LIBRARY = "libc++";
				CLANG_ENABLE_MODULES = YES;
				CLANG_ENABLE_OBJC_ARC = YES;
				CLANG_WARN_BLOCK_CAPTURE_AUTORELEASING = YES;
				CLANG_WARN_BOOL_CONVERSION = YES;
				CLANG_WARN_COMMA = YES;
				CLANG_WARN_CONSTANT_CONVERSION = YES;
				CLANG_WARN_DIRECT_OBJC_ISA_USAGE = YES_ERROR;
				CLANG_WARN_DOCUMENTATION_COMMENTS = YES;
				CLANG_WARN_EMPTY_BODY = YES;
				CLANG_WARN_ENUM_CONVERSION = YES;
				CLANG_WARN_INFINITE_RECURSION = YES;
				CLANG_WARN_INT_CONVERSION = YES;
				CLANG_WARN_NON_LITERAL_NULL_CONVERSION = YES;
				CLANG_WARN_OBJC_LITERAL_CONVERSION = YES;
				CLANG_WARN_OBJC_ROOT_CLASS = YES_ERROR;
				CLANG_WARN_RANGE_LOOP_ANALYSIS = YES;
				CLANG_WARN_STRICT_PROTOTYPES = YES;
				CLANG_WARN_SUSPICIOUS_MOVE = YES;
				CLANG_WARN_UNGUARDED_AVAILABILITY = YES_AGGRESSIVE;
				CLANG_WARN_UNREACHABLE_CODE = YES;
				CLANG_WARN__DUPLICATE_METHOD_MATCH = YES;
				CODE_SIGN_IDENTITY = "iPhone Developer";
				COPY_PHASE_STRIP = NO;
				DEBUG_INFORMATION_FORMAT = "dwarf-with-dsym";
				ENABLE_NS_ASSERTIONS = NO;
				ENABLE_STRICT_OBJC_MSGSEND = YES;
				GCC_C_LANGUAGE_STANDARD = gnu11;
				GCC_NO_COMMON_BLOCKS = YES;
				GCC_WARN_64_TO_32_BIT_CONVERSION = YES;
				GCC_WARN_ABOUT_RETURN_TYPE = YES_ERROR;
				GCC_WARN_UNDECLARED_SELECTOR = YES;
				GCC_WARN_UNINITIALIZED_AUTOS = YES_AGGRESSIVE;
				GCC_WARN_UNUSED_FUNCTION = YES;
				GCC_WARN_UNUSED_VARIABLE = YES;
				IPHONEOS_DEPLOYMENT_TARGET = 11.2;
				MTL_ENABLE_DEBUG_INFO = NO;
				SDKROOT = iphoneos;
				VALIDATE_PRODUCT = YES;
			};
			name = Release;
		};
		DC78A19A21077C0F000C09C3 /* Debug */ = {
			isa = XCBuildConfiguration;
			buildSettings = {
				ASSETCATALOG_COMPILER_APPICON_NAME = AppIcon;
				CODE_SIGN_STYLE = Automatic;
				INFOPLIST_FILE = UIWebViewJSInjectionDemo/Info.plist;
				IPHONEOS_DEPLOYMENT_TARGET = 9.0;
				LD_RUNPATH_SEARCH_PATHS = "$(inherited) @executable_path/Frameworks";
				PRODUCT_BUNDLE_IDENTIFIER = com.Tretar.UIWebViewJSInjectionDemo;
				PRODUCT_NAME = "$(TARGET_NAME)";
				TARGETED_DEVICE_FAMILY = "1,2";
			};
			name = Debug;
		};
		DC78A19B21077C0F000C09C3 /* Release */ = {
			isa = XCBuildConfiguration;
			buildSettings = {
				ASSETCATALOG_COMPILER_APPICON_NAME = AppIcon;
				CODE_SIGN_STYLE = Automatic;
				INFOPLIST_FILE = UIWebViewJSInjectionDemo/Info.plist;
				IPHONEOS_DEPLOYMENT_TARGET = 9.0;
				LD_RUNPATH_SEARCH_PATHS = "$(inherited) @executable_path/Frameworks";
				PRODUCT_BUNDLE_IDENTIFIER = com.Tretar.UIWebViewJSInjectionDemo;
				PRODUCT_NAME = "$(TARGET_NAME)";
				TARGETED_DEVICE_FAMILY = "1,2";
			};
			name = Release;
		};
		DC78A19D21077C0F000C09C3 /* Debug */ = {
			isa = XCBuildConfiguration;
			buildSettings = {
				BUNDLE_LOADER = "$(TEST_HOST)";
				CODE_SIGN_STYLE = Automatic;
				INFOPLIST_FILE = UIWebViewJSInjectionDemoTests/Info.plist;
				LD_RUNPATH_SEARCH_PATHS = "$(inherited) @executable_path/Frameworks @loader_path/Frameworks";
				PRODUCT_BUNDLE_IDENTIFIER = com.Tretar.UIWebViewJSInjectionDemoTests;
				PRODUCT_NAME = "$(TARGET_NAME)";
				TARGETED_DEVICE_FAMILY = "1,2";
				TEST_HOST = "$(BUILT_PRODUCTS_DIR)/UIWebViewJSInjectionDemo.app/UIWebViewJSInjectionDemo";
			};
			name = Debug;
		};
		DC78A19E21077C0F000C09C3 /* Release */ = {
			isa = XCBuildConfiguration;
			buildSettings = {
				BUNDLE_LOADER = "$(TEST_HOST)";
				CODE_SIGN_STYLE = Automatic;
				INFOPLIST_FILE = UIWebViewJSInjectionDemoTests/Info.plist;
				LD_RUNPATH_SEARCH_PATHS = "$(inherited) @executable_path/Frameworks @loader_path/Frameworks";
				PRODUCT_BUNDLE_IDENTIFIER = com.Tretar.UIWebViewJSInjectionDemoTests;
				PRODUCT_NAME = "$(TARGET_NAME)";
				TARGETED_DEVICE_FAMILY = "1,2";
				TEST_HOST = "$(BUILT_PRODUCTS_DIR)/UIWebViewJSInjectionDemo.app/UIWebViewJSInjectionDemo";
			};
			name = Release;
		};
		DC78A1A021077C0F000C09C3 /* Debug */ = {
			isa = XCBuildConfiguration;
			buildSettings = {
				CODE_SIGN_STYLE = Automatic;
				INFOPLIST_FILE = UIWebViewJSInjectionDemoUITests/Info.plist;
				LD_RUNPATH_SEARCH_PATHS = "$(inherited) @executable_path/Frameworks @loader_path/Frameworks";
				PRODUCT_BUNDLE_IDENTIFIER = com.Tretar.UIWebViewJSInjectionDemoUITests;
				PRODUCT_NAME = "$(TARGET_NAME)";
				TARGETED_DEVICE_FAMILY = "1,2";
				TEST_TARGET_NAME = UIWebViewJSInjectionDemo;
			};
			name = Debug;
		};
		DC78A1A121077C0F000C09C3 /* Release */ = {
			isa = XCBuildConfiguration;
			buildSettings = {
				CODE_SIGN_STYLE = Automatic;
				INFOPLIST_FILE = UIWebViewJSInjectionDemoUITests/Info.plist;
				LD_RUNPATH_SEARCH_PATHS = "$(inherited) @executable_path/Frameworks @loader_path/Frameworks";
				PRODUCT_BUNDLE_IDENTIFIER = com.Tretar.UIWebViewJSInjectionDemoUITests;
				PRODUCT_NAME = "$(TARGET_NAME)";
				TARGETED_DEVICE_FAMILY = "1,2";
				TEST_TARGET_NAME = UIWebViewJSInjectionDemo;
			};
			name = Release;
		};
/* End XCBuildConfiguration section */

/* Begin XCConfigurationList section */
		DC78A16821077C0F000C09C3 /* Build configuration list for PBXProject "UIWebViewJSInjectionDemo" */ = {
			isa = XCConfigurationList;
			buildConfigurations = (
				DC78A19721077C0F000C09C3 /* Debug */,
				DC78A19821077C0F000C09C3 /* Release */,
			);
			defaultConfigurationIsVisible = 0;
			defaultConfigurationName = Release;
		};
		DC78A19921077C0F000C09C3 /* Build configuration list for PBXNativeTarget "UIWebViewJSInjectionDemo" */ = {
			isa = XCConfigurationList;
			buildConfigurations = (
				DC78A19A21077C0F000C09C3 /* Debug */,
				DC78A19B21077C0F000C09C3 /* Release */,
			);
			defaultConfigurationIsVisible = 0;
			defaultConfigurationName = Release;
		};
		DC78A19C21077C0F000C09C3 /* Build configuration list for PBXNativeTarget "UIWebViewJSInjectionDemoTests" */ = {
			isa = XCConfigurationList;
			buildConfigurations = (
				DC78A19D21077C0F000C09C3 /* Debug */,
				DC78A19E21077C0F000C09C3 /* Release */,
			);
			defaultConfigurationIsVisible = 0;
			defaultConfigurationName = Release;
		};
		DC78A19F21077C0F000C09C3 /* Build configuration list for PBXNativeTarget "UIWebViewJSInjectionDemoUITests" */ = {
			isa = XCConfigurationList;
			buildConfigurations = (
				DC78A1A021077C0F000C09C3 /* Debug */,
				DC78A1A121077C0F000C09C3 /* Release */,
			);
			defaultConfigurationIsVisible = 0;
			defaultConfigurationName = Release;
		};
/* End XCConfigurationList section */
	};
	rootObject = DC78A16521077C0F000C09C3 /* Project object */;
}
